
Microsoft Visual Studio Solution File, Format Version 12.00
# Visual Studio Version 17
VisualStudioVersion = 17.2.32526.322
MinimumVisualStudioVersion = 10.0.40219.1
Project("{9A19103F-16F7-4668-BE54-9A1E7A4F7556}") = "CinemaTickets.Server", "CinemaTickets\Server\CinemaTickets.Server.csproj", "{C0E48BFA-DB6F-47A4-9981-3BE8E80C9AA3}"
EndProject
Project("{9A19103F-16F7-4668-BE54-9A1E7A4F7556}") = "CinemaTickets.Client", "CinemaTickets\Client\CinemaTickets.Client.csproj", "{EEB35129-989B-42FD-961A-BCA70F2EC69E}"
EndProject
Project("{9A19103F-16F7-4668-BE54-9A1E7A4F7556}") = "CinemaTickets.Shared", "CinemaTickets\Shared\CinemaTickets.Shared.csproj", "{D984E090-EC6A-40B3-BCC6-E6A016110F8E}"
EndProject
Global
	GlobalSection(SolutionConfigurationPlatforms) = preSolution
		Debug|Any CPU = Debug|Any CPU
		Release|Any CPU = Release|Any CPU
	EndGlobalSection
	GlobalSection(ProjectConfigurationPlatforms) = postSolution
		{C0E48BFA-DB6F-47A4-9981-3BE8E80C9AA3}.Debug|Any CPU.ActiveCfg = Debug|Any CPU
		{C0E48BFA-DB6F-47A4-9981-3BE8E80C9AA3}.Debug|Any CPU.Build.0 = Debug|Any CPU
		{C0E48BFA-DB6F-47A4-9981-3BE8E80C9AA3}.Release|Any CPU.ActiveCfg = Release|Any CPU
		{C0E48BFA-DB6F-47A4-9981-3BE8E80C9AA3}.Release|Any CPU.Build.0 = Release|Any CPU
		{EEB35129-989B-42FD-961A-BCA70F2EC69E}.Debug|Any CPU.ActiveCfg = Debug|Any CPU
		{EEB35129-989B-42FD-961A-BCA70F2EC69E}.Debug|Any CPU.Build.0 = Debug|Any CPU
		{EEB35129-989B-42FD-961A-BCA70F2EC69E}.Release|Any CPU.ActiveCfg = Release|Any CPU
		{EEB35129-989B-42FD-961A-BCA70F2EC69E}.Release|Any CPU.Build.0 = Release|Any CPU
		{D984E090-EC6A-40B3-BCC6-E6A016110F8E}.Debug|Any CPU.ActiveCfg = Debug|Any CPU
		{D984E090-EC6A-40B3-BCC6-E6A016110F8E}.Debug|Any CPU.Build.0 = Debug|Any CPU
		{D984E090-EC6A-40B3-BCC6-E6A016110F8E}.Release|Any CPU.ActiveCfg = Release|Any CPU
		{D984E090-EC6A-40B3-BCC6-E6A016110F8E}.Release|Any CPU.Build.0 = Release|Any CPU
	EndGlobalSection
	GlobalSection(SolutionProperties) = preSolution
		HideSolutionNode = FALSE
	EndGlobalSection
	GlobalSection(ExtensibilityGlobals) = postSolution
		SolutionGuid = {FEF9B6FD-760D-4454-881C-EDF7B7D46493}
	EndGlobalSection
EndGlobal
